
Microsoft Visual Studio Solution File, Format Version 12.00
# Visual Studio Version 16
VisualStudioVersion = 16.0.29519.87
MinimumVisualStudioVersion = 10.0.40219.1
Project("{9A19103F-16F7-4668-BE54-9A1E7A4F7556}") = "QuizSever", "QuizSever\QuizSever.csproj", "{EA649680-B7DE-4A65-857F-43B29B5D668F}"
EndProject
Project("{9A19103F-16F7-4668-BE54-9A1E7A4F7556}") = "Entities", "Entities\Entities.csproj", "{DCE52606-514F-4668-BB6F-C57A09EDB3C8}"
EndProject
Project("{9A19103F-16F7-4668-BE54-9A1E7A4F7556}") = "Contracts", "Contracts\Contracts.csproj", "{EB865745-BDED-4B6B-90F6-9BAFFB828FC7}"
EndProject
Project("{9A19103F-16F7-4668-BE54-9A1E7A4F7556}") = "Repository", "Repository\Repository.csproj", "{605E5B46-56BF-486E-A7D5-16D808704554}"
EndProject
Project("{FAE04EC0-301F-11D3-BF4B-00C04F79EFBC}") = "LoggerService", "LoggerService\LoggerService.csproj", "{0A5FF4BE-7305-464F-AB9F-C1CA72CDF166}"
EndProject
Global
	GlobalSection(SolutionConfigurationPlatforms) = preSolution
		Debug|Any CPU = Debug|Any CPU
		Release|Any CPU = Release|Any CPU
	EndGlobalSection
	GlobalSection(ProjectConfigurationPlatforms) = postSolution
		{EA649680-B7DE-4A65-857F-43B29B5D668F}.Debug|Any CPU.ActiveCfg = Debug|Any CPU
		{EA649680-B7DE-4A65-857F-43B29B5D668F}.Debug|Any CPU.Build.0 = Debug|Any CPU
		{EA649680-B7DE-4A65-857F-43B29B5D668F}.Release|Any CPU.ActiveCfg = Release|Any CPU
		{EA649680-B7DE-4A65-857F-43B29B5D668F}.Release|Any CPU.Build.0 = Release|Any CPU
		{DCE52606-514F-4668-BB6F-C57A09EDB3C8}.Debug|Any CPU.ActiveCfg = Debug|Any CPU
		{DCE52606-514F-4668-BB6F-C57A09EDB3C8}.Debug|Any CPU.Build.0 = Debug|Any CPU
		{DCE52606-514F-4668-BB6F-C57A09EDB3C8}.Release|Any CPU.ActiveCfg = Release|Any CPU
		{DCE52606-514F-4668-BB6F-C57A09EDB3C8}.Release|Any CPU.Build.0 = Release|Any CPU
		{EB865745-BDED-4B6B-90F6-9BAFFB828FC7}.Debug|Any CPU.ActiveCfg = Debug|Any CPU
		{EB865745-BDED-4B6B-90F6-9BAFFB828FC7}.Debug|Any CPU.Build.0 = Debug|Any CPU
		{EB865745-BDED-4B6B-90F6-9BAFFB828FC7}.Release|Any CPU.ActiveCfg = Release|Any CPU
		{EB865745-BDED-4B6B-90F6-9BAFFB828FC7}.Release|Any CPU.Build.0 = Release|Any CPU
		{605E5B46-56BF-486E-A7D5-16D808704554}.Debug|Any CPU.ActiveCfg = Debug|Any CPU
		{605E5B46-56BF-486E-A7D5-16D808704554}.Debug|Any CPU.Build.0 = Debug|Any CPU
		{605E5B46-56BF-486E-A7D5-16D808704554}.Release|Any CPU.ActiveCfg = Release|Any CPU
		{605E5B46-56BF-486E-A7D5-16D808704554}.Release|Any CPU.Build.0 = Release|Any CPU
		{0A5FF4BE-7305-464F-AB9F-C1CA72CDF166}.Debug|Any CPU.ActiveCfg = Debug|Any CPU
		{0A5FF4BE-7305-464F-AB9F-C1CA72CDF166}.Debug|Any CPU.Build.0 = Debug|Any CPU
		{0A5FF4BE-7305-464F-AB9F-C1CA72CDF166}.Release|Any CPU.ActiveCfg = Release|Any CPU
		{0A5FF4BE-7305-464F-AB9F-C1CA72CDF166}.Release|Any CPU.Build.0 = Release|Any CPU
	EndGlobalSection
	GlobalSection(SolutionProperties) = preSolution
		HideSolutionNode = FALSE
	EndGlobalSection
	GlobalSection(ExtensibilityGlobals) = postSolution
		SolutionGuid = {B9E8BAE1-4395-4CFB-832C-93E193CBE84C}
	EndGlobalSection
EndGlobal
